// !$*UTF8*$!
{
	archiveVersion = 1;
	classes = {
	};
	objectVersion = 48;
	objects = {

/* Begin PBXBuildFile section */
		9AEB535F435DDF0AAF598B09 /* Pods_ToDo.framework in Frameworks */ = {isa = PBXBuildFile; fileRef = 1BB31D5E3171677755C26C7C /* Pods_ToDo.framework */; };
		BE232FF820A4B31F006DCF99 /* AppDelegate.swift in Sources */ = {isa = PBXBuildFile; fileRef = BE232FF720A4B31F006DCF99 /* AppDelegate.swift */; };
		BE232FFA20A4B31F006DCF99 /* TodoListViewController.swift in Sources */ = {isa = PBXBuildFile; fileRef = BE232FF920A4B31F006DCF99 /* TodoListViewController.swift */; };
		BE232FFD20A4B31F006DCF99 /* Main.storyboard in Resources */ = {isa = PBXBuildFile; fileRef = BE232FFB20A4B31F006DCF99 /* Main.storyboard */; };
		BE232FFF20A4B31F006DCF99 /* Assets.xcassets in Resources */ = {isa = PBXBuildFile; fileRef = BE232FFE20A4B31F006DCF99 /* Assets.xcassets */; };
		BE23300220A4B31F006DCF99 /* LaunchScreen.storyboard in Resources */ = {isa = PBXBuildFile; fileRef = BE23300020A4B31F006DCF99 /* LaunchScreen.storyboard */; };
		BE76862720A85314008CBCAB /* DataModel.xcdatamodeld in Sources */ = {isa = PBXBuildFile; fileRef = BE76862520A85314008CBCAB /* DataModel.xcdatamodeld */; };
		BE76864A20A89796008CBCAB /* CategoryViewController.swift in Sources */ = {isa = PBXBuildFile; fileRef = BE76864920A89796008CBCAB /* CategoryViewController.swift */; };
		BE780A3520D93DD10092DBAF /* Data.swift in Sources */ = {isa = PBXBuildFile; fileRef = BE780A3420D93DD10092DBAF /* Data.swift */; };
/* End PBXBuildFile section */

/* Begin PBXFileReference section */
		08C80ACDC79956D1D9575DB8 /* Pods-ToDo.release.xcconfig */ = {isa = PBXFileReference; includeInIndex = 1; lastKnownFileType = text.xcconfig; name = "Pods-ToDo.release.xcconfig"; path = "Pods/Target Support Files/Pods-ToDo/Pods-ToDo.release.xcconfig"; sourceTree = "<group>"; };
		1BB31D5E3171677755C26C7C /* Pods_ToDo.framework */ = {isa = PBXFileReference; explicitFileType = wrapper.framework; includeInIndex = 0; path = Pods_ToDo.framework; sourceTree = BUILT_PRODUCTS_DIR; };
		B9595BB635B50765223EFEED /* Pods-ToDo.debug.xcconfig */ = {isa = PBXFileReference; includeInIndex = 1; lastKnownFileType = text.xcconfig; name = "Pods-ToDo.debug.xcconfig"; path = "Pods/Target Support Files/Pods-ToDo/Pods-ToDo.debug.xcconfig"; sourceTree = "<group>"; };
		BE232FF420A4B31F006DCF99 /* ToDo.app */ = {isa = PBXFileReference; explicitFileType = wrapper.application; includeInIndex = 0; path = ToDo.app; sourceTree = BUILT_PRODUCTS_DIR; };
		BE232FF720A4B31F006DCF99 /* AppDelegate.swift */ = {isa = PBXFileReference; lastKnownFileType = sourcecode.swift; path = AppDelegate.swift; sourceTree = "<group>"; };
		BE232FF920A4B31F006DCF99 /* TodoListViewController.swift */ = {isa = PBXFileReference; lastKnownFileType = sourcecode.swift; path = TodoListViewController.swift; sourceTree = "<group>"; };
		BE232FFC20A4B31F006DCF99 /* Base */ = {isa = PBXFileReference; lastKnownFileType = file.storyboard; name = Base; path = Base.lproj/Main.storyboard; sourceTree = "<group>"; };
		BE232FFE20A4B31F006DCF99 /* Assets.xcassets */ = {isa = PBXFileReference; lastKnownFileType = folder.assetcatalog; path = Assets.xcassets; sourceTree = "<group>"; };
		BE23300120A4B31F006DCF99 /* Base */ = {isa = PBXFileReference; lastKnownFileType = file.storyboard; name = Base; path = Base.lproj/LaunchScreen.storyboard; sourceTree = "<group>"; };
		BE23300320A4B31F006DCF99 /* Info.plist */ = {isa = PBXFileReference; lastKnownFileType = text.plist.xml; path = Info.plist; sourceTree = "<group>"; };
		BE76862620A85314008CBCAB /* DataModel.xcdatamodel */ = {isa = PBXFileReference; lastKnownFileType = wrapper.xcdatamodel; path = DataModel.xcdatamodel; sourceTree = "<group>"; };
		BE76864920A89796008CBCAB /* CategoryViewController.swift */ = {isa = PBXFileReference; lastKnownFileType = sourcecode.swift; path = CategoryViewController.swift; sourceTree = "<group>"; };
		BE780A3420D93DD10092DBAF /* Data.swift */ = {isa = PBXFileReference; lastKnownFileType = sourcecode.swift; path = Data.swift; sourceTree = "<group>"; };
/* End PBXFileReference section */

/* Begin PBXFrameworksBuildPhase section */
		BE232FF120A4B31F006DCF99 /* Frameworks */ = {
			isa = PBXFrameworksBuildPhase;
			buildActionMask = 2147483647;
			files = (
				9AEB535F435DDF0AAF598B09 /* Pods_ToDo.framework in Frameworks */,
			);
			runOnlyForDeploymentPostprocessing = 0;
		};
/* End PBXFrameworksBuildPhase section */

/* Begin PBXGroup section */
		9D2ACF21361245EF2462D412 /* Pods */ = {
			isa = PBXGroup;
			children = (
				B9595BB635B50765223EFEED /* Pods-ToDo.debug.xcconfig */,
				08C80ACDC79956D1D9575DB8 /* Pods-ToDo.release.xcconfig */,
			);
			name = Pods;
			sourceTree = "<group>";
		};
		BE232FEB20A4B31F006DCF99 = {
			isa = PBXGroup;
			children = (
				BE232FF620A4B31F006DCF99 /* ToDo */,
				BE232FF520A4B31F006DCF99 /* Products */,
				9D2ACF21361245EF2462D412 /* Pods */,
				D6B7CFAFAE464BEFF1B5D453 /* Frameworks */,
			);
			sourceTree = "<group>";
		};
		BE232FF520A4B31F006DCF99 /* Products */ = {
			isa = PBXGroup;
			children = (
				BE232FF420A4B31F006DCF99 /* ToDo.app */,
			);
			name = Products;
			sourceTree = "<group>";
		};
		BE232FF620A4B31F006DCF99 /* ToDo */ = {
			isa = PBXGroup;
			children = (
				BE232FF720A4B31F006DCF99 /* AppDelegate.swift */,
				BE23300320A4B31F006DCF99 /* Info.plist */,
				BED8B93E20A7904A00192BAE /* Controllers */,
				BED8B93D20A7904200192BAE /* Data Model */,
				BED8B93F20A7905400192BAE /* Views */,
				BED8B94020A7906200192BAE /* Supporting Files */,
			);
			path = ToDo;
			sourceTree = "<group>";
		};
		BED8B93D20A7904200192BAE /* Data Model */ = {
			isa = PBXGroup;
			children = (
				BE76862520A85314008CBCAB /* DataModel.xcdatamodeld */,
				BE780A3420D93DD10092DBAF /* Data.swift */,
			);
			path = "Data Model";
			sourceTree = "<group>";
		};
		BED8B93E20A7904A00192BAE /* Controllers */ = {
			isa = PBXGroup;
			children = (
				BE76864920A89796008CBCAB /* CategoryViewController.swift */,
				BE232FF920A4B31F006DCF99 /* TodoListViewController.swift */,
			);
			path = Controllers;
			sourceTree = "<group>";
		};
		BED8B93F20A7905400192BAE /* Views */ = {
			isa = PBXGroup;
			children = (
				BE232FFB20A4B31F006DCF99 /* Main.storyboard */,
			);
			path = Views;
			sourceTree = "<group>";
		};
		BED8B94020A7906200192BAE /* Supporting Files */ = {
			isa = PBXGroup;
			children = (
				BE232FFE20A4B31F006DCF99 /* Assets.xcassets */,
				BE23300020A4B31F006DCF99 /* LaunchScreen.storyboard */,
			);
			path = "Supporting Files";
			sourceTree = "<group>";
		};
		D6B7CFAFAE464BEFF1B5D453 /* Frameworks */ = {
			isa = PBXGroup;
			children = (
				1BB31D5E3171677755C26C7C /* Pods_ToDo.framework */,
			);
			name = Frameworks;
			sourceTree = "<group>";
		};
/* End PBXGroup section */

/* Begin PBXNativeTarget section */
		BE232FF320A4B31F006DCF99 /* ToDo */ = {
			isa = PBXNativeTarget;
			buildConfigurationList = BE23300620A4B31F006DCF99 /* Build configuration list for PBXNativeTarget "ToDo" */;
			buildPhases = (
				27A06963CCB22F2D9A09EAFC /* [CP] Check Pods Manifest.lock */,
				BE232FF020A4B31F006DCF99 /* Sources */,
				BE232FF120A4B31F006DCF99 /* Frameworks */,
				BE232FF220A4B31F006DCF99 /* Resources */,
				4AD7F8AB2E0208FFCE44D938 /* [CP] Embed Pods Frameworks */,
				FAA7DAC0C6787C47E3CF54DB /* [CP] Copy Pods Resources */,
			);
			buildRules = (
			);
			dependencies = (
			);
			name = ToDo;
			productName = ToDo;
			productReference = BE232FF420A4B31F006DCF99 /* ToDo.app */;
			productType = "com.apple.product-type.application";
		};
/* End PBXNativeTarget section */

/* Begin PBXProject section */
		BE232FEC20A4B31F006DCF99 /* Project object */ = {
			isa = PBXProject;
			attributes = {
				LastSwiftUpdateCheck = 0920;
				LastUpgradeCheck = 0920;
				ORGANIZATIONNAME = "Muhammed Okumuş";
				TargetAttributes = {
					BE232FF320A4B31F006DCF99 = {
						CreatedOnToolsVersion = 9.2;
						ProvisioningStyle = Automatic;
					};
				};
			};
			buildConfigurationList = BE232FEF20A4B31F006DCF99 /* Build configuration list for PBXProject "ToDo" */;
			compatibilityVersion = "Xcode 8.0";
			developmentRegion = en;
			hasScannedForEncodings = 0;
			knownRegions = (
				en,
				Base,
			);
			mainGroup = BE232FEB20A4B31F006DCF99;
			productRefGroup = BE232FF520A4B31F006DCF99 /* Products */;
			projectDirPath = "";
			projectRoot = "";
			targets = (
				BE232FF320A4B31F006DCF99 /* ToDo */,
			);
		};
/* End PBXProject section */

/* Begin PBXResourcesBuildPhase section */
		BE232FF220A4B31F006DCF99 /* Resources */ = {
			isa = PBXResourcesBuildPhase;
			buildActionMask = 2147483647;
			files = (
				BE23300220A4B31F006DCF99 /* LaunchScreen.storyboard in Resources */,
				BE232FFF20A4B31F006DCF99 /* Assets.xcassets in Resources */,
				BE232FFD20A4B31F006DCF99 /* Main.storyboard in Resources */,
			);
			runOnlyForDeploymentPostprocessing = 0;
		};
/* End PBXResourcesBuildPhase section */

/* Begin PBXShellScriptBuildPhase section */
		27A06963CCB22F2D9A09EAFC /* [CP] Check Pods Manifest.lock */ = {
			isa = PBXShellScriptBuildPhase;
			buildActionMask = 2147483647;
			files = (
			);
			inputPaths = (
				"${PODS_PODFILE_DIR_PATH}/Podfile.lock",
				"${PODS_ROOT}/Manifest.lock",
			);
			name = "[CP] Check Pods Manifest.lock";
			outputPaths = (
				"$(DERIVED_FILE_DIR)/Pods-ToDo-checkManifestLockResult.txt",
			);
			runOnlyForDeploymentPostprocessing = 0;
			shellPath = /bin/sh;
			shellScript = "diff \"${PODS_PODFILE_DIR_PATH}/Podfile.lock\" \"${PODS_ROOT}/Manifest.lock\" > /dev/null\nif [ $? != 0 ] ; then\n    # print error to STDERR\n    echo \"error: The sandbox is not in sync with the Podfile.lock. Run 'pod install' or update your CocoaPods installation.\" >&2\n    exit 1\nfi\n# This output is used by Xcode 'outputs' to avoid re-running this script phase.\necho \"SUCCESS\" > \"${SCRIPT_OUTPUT_FILE_0}\"\n";
			showEnvVarsInLog = 0;
		};
		4AD7F8AB2E0208FFCE44D938 /* [CP] Embed Pods Frameworks */ = {
			isa = PBXShellScriptBuildPhase;
			buildActionMask = 2147483647;
			files = (
			);
			inputPaths = (
				"${SRCROOT}/Pods/Target Support Files/Pods-ToDo/Pods-ToDo-frameworks.sh",
				"${BUILT_PRODUCTS_DIR}/Realm/Realm.framework",
				"${BUILT_PRODUCTS_DIR}/RealmSwift/RealmSwift.framework",
			);
			name = "[CP] Embed Pods Frameworks";
			outputPaths = (
				"${TARGET_BUILD_DIR}/${FRAMEWORKS_FOLDER_PATH}/Realm.framework",
				"${TARGET_BUILD_DIR}/${FRAMEWORKS_FOLDER_PATH}/RealmSwift.framework",
			);
			runOnlyForDeploymentPostprocessing = 0;
			shellPath = /bin/sh;
			shellScript = "\"${SRCROOT}/Pods/Target Support Files/Pods-ToDo/Pods-ToDo-frameworks.sh\"\n";
			showEnvVarsInLog = 0;
		};
		FAA7DAC0C6787C47E3CF54DB /* [CP] Copy Pods Resources */ = {
			isa = PBXShellScriptBuildPhase;
			buildActionMask = 2147483647;
			files = (
			);
			inputPaths = (
			);
			name = "[CP] Copy Pods Resources";
			outputPaths = (
			);
			runOnlyForDeploymentPostprocessing = 0;
			shellPath = /bin/sh;
			shellScript = "\"${SRCROOT}/Pods/Target Support Files/Pods-ToDo/Pods-ToDo-resources.sh\"\n";
			showEnvVarsInLog = 0;
		};
/* End PBXShellScriptBuildPhase section */

/* Begin PBXSourcesBuildPhase section */
		BE232FF020A4B31F006DCF99 /* Sources */ = {
			isa = PBXSourcesBuildPhase;
			buildActionMask = 2147483647;
			files = (
				BE76864A20A89796008CBCAB /* CategoryViewController.swift in Sources */,
				BE780A3520D93DD10092DBAF /* Data.swift in Sources */,
				BE232FFA20A4B31F006DCF99 /* TodoListViewController.swift in Sources */,
				BE76862720A85314008CBCAB /* DataModel.xcdatamodeld in Sources */,
				BE232FF820A4B31F006DCF99 /* AppDelegate.swift in Sources */,
			);
			runOnlyForDeploymentPostprocessing = 0;
		};
/* End PBXSourcesBuildPhase section */

/* Begin PBXVariantGroup section */
		BE232FFB20A4B31F006DCF99 /* Main.storyboard */ = {
			isa = PBXVariantGroup;
			children = (
				BE232FFC20A4B31F006DCF99 /* Base */,
			);
			name = Main.storyboard;
			sourceTree = "<group>";
		};
		BE23300020A4B31F006DCF99 /* LaunchScreen.storyboard */ = {
			isa = PBXVariantGroup;
			children = (
				BE23300120A4B31F006DCF99 /* Base */,
			);
			name = LaunchScreen.storyboard;
			sourceTree = "<group>";
		};
/* End PBXVariantGroup section */

/* Begin XCBuildConfiguration section */
		BE23300420A4B31F006DCF99 /* Debug */ = {
			isa = XCBuildConfiguration;
			buildSettings = {
				ALWAYS_SEARCH_USER_PATHS = NO;
				CLANG_ANALYZER_NONNULL = YES;
				CLANG_ANALYZER_NUMBER_OBJECT_CONVERSION = YES_AGGRESSIVE;
				CLANG_CXX_LANGUAGE_STANDARD = "gnu++14";
				CLANG_CXX_LIBRARY = "libc++";
				CLANG_ENABLE_MODULES = YES;
				CLANG_ENABLE_OBJC_ARC = YES;
				CLANG_WARN_BLOCK_CAPTURE_AUTORELEASING = YES;
				CLANG_WARN_BOOL_CONVERSION = YES;
				CLANG_WARN_COMMA = YES;
				CLANG_WARN_CONSTANT_CONVERSION = YES;
				CLANG_WARN_DIRECT_OBJC_ISA_USAGE = YES_ERROR;
				CLANG_WARN_DOCUMENTATION_COMMENTS = YES;
				CLANG_WARN_EMPTY_BODY = YES;
				CLANG_WARN_ENUM_CONVERSION = YES;
				CLANG_WARN_INFINITE_RECURSION = YES;
				CLANG_WARN_INT_CONVERSION = YES;
				CLANG_WARN_NON_LITERAL_NULL_CONVERSION = YES;
				CLANG_WARN_OBJC_LITERAL_CONVERSION = YES;
				CLANG_WARN_OBJC_ROOT_CLASS = YES_ERROR;
				CLANG_WARN_RANGE_LOOP_ANALYSIS = YES;
				CLANG_WARN_STRICT_PROTOTYPES = YES;
				CLANG_WARN_SUSPICIOUS_MOVE = YES;
				CLANG_WARN_UNGUARDED_AVAILABILITY = YES_AGGRESSIVE;
				CLANG_WARN_UNREACHABLE_CODE = YES;
				CLANG_WARN__DUPLICATE_METHOD_MATCH = YES;
				CODE_SIGN_IDENTITY = "iPhone Developer";
				COPY_PHASE_STRIP = NO;
				DEBUG_INFORMATION_FORMAT = dwarf;
				ENABLE_STRICT_OBJC_MSGSEND = YES;
				ENABLE_TESTABILITY = YES;
				GCC_C_LANGUAGE_STANDARD = gnu11;
				GCC_DYNAMIC_NO_PIC = NO;
				GCC_NO_COMMON_BLOCKS = YES;
				GCC_OPTIMIZATION_LEVEL = 0;
				GCC_PREPROCESSOR_DEFINITIONS = (
					"DEBUG=1",
					"$(inherited)",
				);
				GCC_WARN_64_TO_32_BIT_CONVERSION = YES;
				GCC_WARN_ABOUT_RETURN_TYPE = YES_ERROR;
				GCC_WARN_UNDECLARED_SELECTOR = YES;
				GCC_WARN_UNINITIALIZED_AUTOS = YES_AGGRESSIVE;
				GCC_WARN_UNUSED_FUNCTION = YES;
				GCC_WARN_UNUSED_VARIABLE = YES;
				IPHONEOS_DEPLOYMENT_TARGET = 11.2;
				MTL_ENABLE_DEBUG_INFO = YES;
				ONLY_ACTIVE_ARCH = YES;
				SDKROOT = iphoneos;
				SWIFT_ACTIVE_COMPILATION_CONDITIONS = DEBUG;
				SWIFT_OPTIMIZATION_LEVEL = "-Onone";
			};
			name = Debug;
		};
		BE23300520A4B31F006DCF99 /* Release */ = {
			isa = XCBuildConfiguration;
			buildSettings = {
				ALWAYS_SEARCH_USER_PATHS = NO;
				CLANG_ANALYZER_NONNULL = YES;
				CLANG_ANALYZER_NUMBER_OBJECT_CONVERSION = YES_AGGRESSIVE;
				CLANG_CXX_LANGUAGE_STANDARD = "gnu++14";
				CLANG_CXX_LIBRARY = "libc++";
				CLANG_ENABLE_MODULES = YES;
				CLANG_ENABLE_OBJC_ARC = YES;
				CLANG_WARN_BLOCK_CAPTURE_AUTORELEASING = YES;
				CLANG_WARN_BOOL_CONVERSION = YES;
				CLANG_WARN_COMMA = YES;
				CLANG_WARN_CONSTANT_CONVERSION = YES;
				CLANG_WARN_DIRECT_OBJC_ISA_USAGE = YES_ERROR;
				CLANG_WARN_DOCUMENTATION_COMMENTS = YES;
				CLANG_WARN_EMPTY_BODY = YES;
				CLANG_WARN_ENUM_CONVERSION = YES;
				CLANG_WARN_INFINITE_RECURSION = YES;
				CLANG_WARN_INT_CONVERSION = YES;
				CLANG_WARN_NON_LITERAL_NULL_CONVERSION = YES;
				CLANG_WARN_OBJC_LITERAL_CONVERSION = YES;
				CLANG_WARN_OBJC_ROOT_CLASS = YES_ERROR;
				CLANG_WARN_RANGE_LOOP_ANALYSIS = YES;
				CLANG_WARN_STRICT_PROTOTYPES = YES;
				CLANG_WARN_SUSPICIOUS_MOVE = YES;
				CLANG_WARN_UNGUARDED_AVAILABILITY = YES_AGGRESSIVE;
				CLANG_WARN_UNREACHABLE_CODE = YES;
				CLANG_WARN__DUPLICATE_METHOD_MATCH = YES;
				CODE_SIGN_IDENTITY = "iPhone Developer";
				COPY_PHASE_STRIP = NO;
				DEBUG_INFORMATION_FORMAT = "dwarf-with-dsym";
				ENABLE_NS_ASSERTIONS = NO;
				ENABLE_STRICT_OBJC_MSGSEND = YES;
				GCC_C_LANGUAGE_STANDARD = gnu11;
				GCC_NO_COMMON_BLOCKS = YES;
				GCC_WARN_64_TO_32_BIT_CONVERSION = YES;
				GCC_WARN_ABOUT_RETURN_TYPE = YES_ERROR;
				GCC_WARN_UNDECLARED_SELECTOR = YES;
				GCC_WARN_UNINITIALIZED_AUTOS = YES_AGGRESSIVE;
				GCC_WARN_UNUSED_FUNCTION = YES;
				GCC_WARN_UNUSED_VARIABLE = YES;
				IPHONEOS_DEPLOYMENT_TARGET = 11.2;
				MTL_ENABLE_DEBUG_INFO = NO;
				SDKROOT = iphoneos;
				SWIFT_OPTIMIZATION_LEVEL = "-Owholemodule";
				VALIDATE_PRODUCT = YES;
			};
			name = Release;
		};
		BE23300720A4B31F006DCF99 /* Debug */ = {
			isa = XCBuildConfiguration;
			baseConfigurationReference = B9595BB635B50765223EFEED /* Pods-ToDo.debug.xcconfig */;
			buildSettings = {
				ASSETCATALOG_COMPILER_APPICON_NAME = AppIcon;
				CODE_SIGN_STYLE = Automatic;
				DEVELOPMENT_TEAM = 682UAW8U2S;
				INFOPLIST_FILE = ToDo/Info.plist;
				LD_RUNPATH_SEARCH_PATHS = "$(inherited) @executable_path/Frameworks";
				PRODUCT_BUNDLE_IDENTIFIER = com.cookiemonsterqq.ToDo;
				PRODUCT_NAME = "$(TARGET_NAME)";
				SWIFT_VERSION = 4.0;
				TARGETED_DEVICE_FAMILY = "1,2";
			};
			name = Debug;
		};
		BE23300820A4B31F006DCF99 /* Release */ = {
			isa = XCBuildConfiguration;
			baseConfigurationReference = 08C80ACDC79956D1D9575DB8 /* Pods-ToDo.release.xcconfig */;
			buildSettings = {
				ASSETCATALOG_COMPILER_APPICON_NAME = AppIcon;
				CODE_SIGN_STYLE = Automatic;
				DEVELOPMENT_TEAM = 682UAW8U2S;
				INFOPLIST_FILE = ToDo/Info.plist;
				LD_RUNPATH_SEARCH_PATHS = "$(inherited) @executable_path/Frameworks";
				PRODUCT_BUNDLE_IDENTIFIER = com.cookiemonsterqq.ToDo;
				PRODUCT_NAME = "$(TARGET_NAME)";
				SWIFT_VERSION = 4.0;
				TARGETED_DEVICE_FAMILY = "1,2";
			};
			name = Release;
		};
/* End XCBuildConfiguration section */

/* Begin XCConfigurationList section */
		BE232FEF20A4B31F006DCF99 /* Build configuration list for PBXProject "ToDo" */ = {
			isa = XCConfigurationList;
			buildConfigurations = (
				BE23300420A4B31F006DCF99 /* Debug */,
				BE23300520A4B31F006DCF99 /* Release */,
			);
			defaultConfigurationIsVisible = 0;
			defaultConfigurationName = Release;
		};
		BE23300620A4B31F006DCF99 /* Build configuration list for PBXNativeTarget "ToDo" */ = {
			isa = XCConfigurationList;
			buildConfigurations = (
				BE23300720A4B31F006DCF99 /* Debug */,
				BE23300820A4B31F006DCF99 /* Release */,
			);
			defaultConfigurationIsVisible = 0;
			defaultConfigurationName = Release;
		};
/* End XCConfigurationList section */

/* Begin XCVersionGroup section */
		BE76862520A85314008CBCAB /* DataModel.xcdatamodeld */ = {
			isa = XCVersionGroup;
			children = (
				BE76862620A85314008CBCAB /* DataModel.xcdatamodel */,
			);
			currentVersion = BE76862620A85314008CBCAB /* DataModel.xcdatamodel */;
			path = DataModel.xcdatamodeld;
			sourceTree = "<group>";
			versionGroupType = wrapper.xcdatamodel;
		};
/* End XCVersionGroup section */
	};
	rootObject = BE232FEC20A4B31F006DCF99 /* Project object */;
}
